{
  "name": "@hyperbook/cloud",
  "version": "0.0.0",
  "lockfileVersion": 3,
  "requires": true,
  "packages": {
    "": {
      "name": "@hyperbook/cloud",
      "version": "0.0.0",
      "dependencies": {
        "bcryptjs": "^3.0.3",
        "better-sqlite3": "^11.0.0",
        "cookie-parser": "~1.4.4",
        "cors": "^2.8.5",
        "debug": "~2.6.9",
        "dotenv": "^16.3.1",
        "express": "^4.18.2",
        "hbs": "~4.0.4",
        "http-errors": "~1.6.3",
        "jsonwebtoken": "^9.0.2",
        "morgan": "~1.9.1",
        "nodemailer": "^8.0.1"
      }
    },
    "../../node_modules/.pnpm/better-sqlite3@11.10.0/node_modules/better-sqlite3": {
      "version": "11.10.0",
      "hasInstallScript": true,
      "license": "MIT",
      "dependencies": {
        "bindings": "^1.5.0",
        "prebuild-install": "^7.1.1"
      },
      "devDependencies": {
        "chai": "^4.3.8",
        "cli-color": "^2.0.3",
        "fs-extra": "^11.1.1",
        "mocha": "^10.2.0",
        "nodemark": "^0.3.0",
        "prebuild": "^13.0.1",
        "sqlite": "^5.0.1",
        "sqlite3": "^5.1.6"
      }
    },
    "../../node_modules/.pnpm/cookie-parser@1.4.7/node_modules/cookie-parser": {
      "version": "1.4.7",
      "license": "MIT",
      "dependencies": {
        "cookie": "0.7.2",
        "cookie-signature": "1.0.6"
      },
      "devDependencies": {
        "eslint": "7.32.0",
        "eslint-config-standard": "14.1.1",
        "eslint-plugin-import": "2.25.2",
        "eslint-plugin-markdown": "2.2.1",
        "eslint-plugin-node": "11.1.0",
        "eslint-plugin-promise": "4.3.1",
        "eslint-plugin-standard": "4.1.0",
        "mocha": "9.2.1",
        "nyc": "15.1.0",
        "supertest": "6.1.6"
      },
      "engines": {
        "node": ">= 0.8.0"
      }
    },
    "../../node_modules/.pnpm/cors@2.8.6/node_modules/cors": {
      "version": "2.8.6",
      "license": "MIT",
      "dependencies": {
        "object-assign": "^4",
        "vary": "^1"
      },
      "devDependencies": {
        "after": "0.8.2",
        "eslint": "7.30.0",
        "express": "4.21.2",
        "mocha": "9.2.2",
        "nyc": "15.1.0",
        "supertest": "6.1.3"
      },
      "engines": {
        "node": ">= 0.10"
      },
      "funding": {
        "type": "opencollective",
        "url": "https://opencollective.com/express"
      }
    },
    "../../node_modules/.pnpm/debug@2.6.9/node_modules/debug": {
      "version": "2.6.9",
      "license": "MIT",
      "dependencies": {
        "ms": "2.0.0"
      },
      "devDependencies": {
        "browserify": "9.0.3",
        "chai": "^3.5.0",
        "concurrently": "^3.1.0",
        "coveralls": "^2.11.15",
        "eslint": "^3.12.1",
        "istanbul": "^0.4.5",
        "karma": "^1.3.0",
        "karma-chai": "^0.1.0",
        "karma-mocha": "^1.3.0",
        "karma-phantomjs-launcher": "^1.0.2",
        "karma-sinon": "^1.0.5",
        "mocha": "^3.2.0",
        "mocha-lcov-reporter": "^1.2.0",
        "rimraf": "^2.5.4",
        "sinon": "^1.17.6",
        "sinon-chai": "^2.8.0"
      }
    },
    "../../node_modules/.pnpm/dotenv@16.6.1/node_modules/dotenv": {
      "version": "16.6.1",
      "license": "BSD-2-Clause",
      "devDependencies": {
        "@types/node": "^18.11.3",
        "decache": "^4.6.2",
        "sinon": "^14.0.1",
        "standard": "^17.0.0",
        "standard-version": "^9.5.0",
        "tap": "^19.2.0",
        "typescript": "^4.8.4"
      },
      "engines": {
        "node": ">=12"
      },
      "funding": {
        "url": "https://dotenvx.com"
      }
    },
    "../../node_modules/.pnpm/express@4.22.1/node_modules/express": {
      "version": "4.22.1",
      "license": "MIT",
      "dependencies": {
        "accepts": "~1.3.8",
        "array-flatten": "1.1.1",
        "body-parser": "~1.20.3",
        "content-disposition": "~0.5.4",
        "content-type": "~1.0.4",
        "cookie": "~0.7.1",
        "cookie-signature": "~1.0.6",
        "debug": "2.6.9",
        "depd": "2.0.0",
        "encodeurl": "~2.0.0",
        "escape-html": "~1.0.3",
        "etag": "~1.8.1",
        "finalhandler": "~1.3.1",
        "fresh": "~0.5.2",
        "http-errors": "~2.0.0",
        "merge-descriptors": "1.0.3",
        "methods": "~1.1.2",
        "on-finished": "~2.4.1",
        "parseurl": "~1.3.3",
        "path-to-regexp": "~0.1.12",
        "proxy-addr": "~2.0.7",
        "qs": "~6.14.0",
        "range-parser": "~1.2.1",
        "safe-buffer": "5.2.1",
        "send": "~0.19.0",
        "serve-static": "~1.16.2",
        "setprototypeof": "1.2.0",
        "statuses": "~2.0.1",
        "type-is": "~1.6.18",
        "utils-merge": "1.0.1",
        "vary": "~1.1.2"
      },
      "devDependencies": {
        "after": "0.8.2",
        "connect-redis": "3.4.2",
        "cookie-parser": "1.4.6",
        "cookie-session": "2.0.0",
        "ejs": "3.1.9",
        "eslint": "8.47.0",
        "express-session": "1.17.2",
        "hbs": "4.2.0",
        "marked": "0.7.0",
        "method-override": "3.0.0",
        "mocha": "^6.2.2",
        "morgan": "1.10.0",
        "nyc": "^14.1.1",
        "pbkdf2-password": "1.2.1",
        "supertest": "^6.1.6",
        "vhost": "~3.0.2"
      },
      "engines": {
        "node": ">= 0.10.0"
      },
      "funding": {
        "type": "opencollective",
        "url": "https://opencollective.com/express"
      }
    },
    "../../node_modules/.pnpm/hbs@4.0.6/node_modules/hbs": {
      "version": "4.0.6",
      "license": "MIT",
      "dependencies": {
        "handlebars": "4.3.5",
        "walk": "2.3.14"
      },
      "devDependencies": {
        "eslint": "5.16.0",
        "mocha": "6.2.1",
        "nyc": "14.1.1",
        "rimraf": "2.7.1",
        "supertest": "4.0.2"
      },
      "engines": {
        "node": ">= 0.8",
        "npm": "1.2.8000 || >= 1.4.16"
      }
    },
    "../../node_modules/.pnpm/http-errors@1.6.3/node_modules/http-errors": {
      "version": "1.6.3",
      "license": "MIT",
      "dependencies": {
        "depd": "~1.1.2",
        "inherits": "2.0.3",
        "setprototypeof": "1.1.0",
        "statuses": ">= 1.4.0 < 2"
      },
      "devDependencies": {
        "eslint": "4.18.1",
        "eslint-config-standard": "11.0.0",
        "eslint-plugin-import": "2.9.0",
        "eslint-plugin-markdown": "1.0.0-beta.6",
        "eslint-plugin-node": "6.0.1",
        "eslint-plugin-promise": "3.6.0",
        "eslint-plugin-standard": "3.0.1",
        "istanbul": "0.4.5",
        "mocha": "1.21.5"
      },
      "engines": {
        "node": ">= 0.6"
      }
    },
    "../../node_modules/.pnpm/jsonwebtoken@9.0.3/node_modules/jsonwebtoken": {
      "version": "9.0.3",
      "license": "MIT",
      "dependencies": {
        "jws": "^4.0.1",
        "lodash.includes": "^4.3.0",
        "lodash.isboolean": "^3.0.3",
        "lodash.isinteger": "^4.0.4",
        "lodash.isnumber": "^3.0.3",
        "lodash.isplainobject": "^4.0.6",
        "lodash.isstring": "^4.0.1",
        "lodash.once": "^4.0.0",
        "ms": "^2.1.1",
        "semver": "^7.5.4"
      },
      "devDependencies": {
        "atob": "^2.1.2",
        "chai": "^4.1.2",
        "conventional-changelog": "~1.1.0",
        "eslint": "^4.19.1",
        "mocha": "^5.2.0",
        "nsp": "^2.6.2",
        "nyc": "^11.9.0",
        "sinon": "^6.0.0"
      },
      "engines": {
        "node": ">=12",
        "npm": ">=6"
      }
    },
    "../../node_modules/.pnpm/morgan@1.9.1/node_modules/morgan": {
      "version": "1.9.1",
      "license": "MIT",
      "dependencies": {
        "basic-auth": "~2.0.0",
        "debug": "2.6.9",
        "depd": "~1.1.2",
        "on-finished": "~2.3.0",
        "on-headers": "~1.0.1"
      },
      "devDependencies": {
        "eslint": "5.5.0",
        "eslint-config-standard": "12.0.0",
        "eslint-plugin-import": "2.14.0",
        "eslint-plugin-markdown": "1.0.0-beta.6",
        "eslint-plugin-node": "7.0.1",
        "eslint-plugin-promise": "4.0.1",
        "eslint-plugin-standard": "4.0.0",
        "istanbul": "0.4.5",
        "mocha": "2.5.3",
        "split": "1.0.1",
        "supertest": "1.1.0"
      },
      "engines": {
        "node": ">= 0.8.0"
      }
    },
    "node_modules/bcryptjs": {
      "version": "3.0.3",
      "resolved": "https://registry.npmjs.org/bcryptjs/-/bcryptjs-3.0.3.tgz",
      "integrity": "sha512-GlF5wPWnSa/X5LKM1o0wz0suXIINz1iHRLvTS+sLyi7XPbe5ycmYI3DlZqVGZZtDgl4DmasFg7gOB3JYbphV5g==",
      "license": "BSD-3-Clause",
      "bin": {
        "bcrypt": "bin/bcrypt"
      }
    },
    "node_modules/better-sqlite3": {
      "resolved": "../../node_modules/.pnpm/better-sqlite3@11.10.0/node_modules/better-sqlite3",
      "link": true
    },
    "node_modules/cookie-parser": {
      "resolved": "../../node_modules/.pnpm/cookie-parser@1.4.7/node_modules/cookie-parser",
      "link": true
    },
    "node_modules/cors": {
      "resolved": "../../node_modules/.pnpm/cors@2.8.6/node_modules/cors",
      "link": true
    },
    "node_modules/debug": {
      "resolved": "../../node_modules/.pnpm/debug@2.6.9/node_modules/debug",
      "link": true
    },
    "node_modules/dotenv": {
      "resolved": "../../node_modules/.pnpm/dotenv@16.6.1/node_modules/dotenv",
      "link": true
    },
    "node_modules/express": {
      "resolved": "../../node_modules/.pnpm/express@4.22.1/node_modules/express",
      "link": true
    },
    "node_modules/hbs": {
      "resolved": "../../node_modules/.pnpm/hbs@4.0.6/node_modules/hbs",
      "link": true
    },
    "node_modules/http-errors": {
      "resolved": "../../node_modules/.pnpm/http-errors@1.6.3/node_modules/http-errors",
      "link": true
    },
    "node_modules/jsonwebtoken": {
      "resolved": "../../node_modules/.pnpm/jsonwebtoken@9.0.3/node_modules/jsonwebtoken",
      "link": true
    },
    "node_modules/morgan": {
      "resolved": "../../node_modules/.pnpm/morgan@1.9.1/node_modules/morgan",
      "link": true
    },
    "node_modules/nodemailer": {
      "version": "8.0.1",
      "resolved": "https://registry.npmjs.org/nodemailer/-/nodemailer-8.0.1.tgz",
      "integrity": "sha512-5kcldIXmaEjZcHR6F28IKGSgpmZHaF1IXLWFTG+Xh3S+Cce4MiakLtWY+PlBU69fLbRa8HlaGIrC/QolUpHkhg==",
      "license": "MIT-0",
      "engines": {
        "node": ">=6.0.0"
      }
    }
  }
}
